
Microsoft Visual Studio Solution File, Format Version 12.00
Project("{FAE04EC0-301F-11D3-BF4B-00C04F79EFBC}") = "Ecommerce", "Ecommerce\Ecommerce.csproj", "{8D2763E6-2365-4450-940D-2ACC55EDAEEF}"
EndProject
Project("{FAE04EC0-301F-11D3-BF4B-00C04F79EFBC}") = "Ecommerce.Domain", "Ecommerce.Domain\Ecommerce.Domain.csproj", "{1C72ABF0-5E21-482E-81BB-F3CD162BB823}"
EndProject
Global
	GlobalSection(SolutionConfigurationPlatforms) = preSolution
		Debug|Any CPU = Debug|Any CPU
		Release|Any CPU = Release|Any CPU
	EndGlobalSection
	GlobalSection(ProjectConfigurationPlatforms) = postSolution
		{8D2763E6-2365-4450-940D-2ACC55EDAEEF}.Debug|Any CPU.ActiveCfg = Debug|Any CPU
		{8D2763E6-2365-4450-940D-2ACC55EDAEEF}.Debug|Any CPU.Build.0 = Debug|Any CPU
		{8D2763E6-2365-4450-940D-2ACC55EDAEEF}.Release|Any CPU.ActiveCfg = Release|Any CPU
		{8D2763E6-2365-4450-940D-2ACC55EDAEEF}.Release|Any CPU.Build.0 = Release|Any CPU
		{1C72ABF0-5E21-482E-81BB-F3CD162BB823}.Debug|Any CPU.ActiveCfg = Debug|Any CPU
		{1C72ABF0-5E21-482E-81BB-F3CD162BB823}.Debug|Any CPU.Build.0 = Debug|Any CPU
		{1C72ABF0-5E21-482E-81BB-F3CD162BB823}.Release|Any CPU.ActiveCfg = Release|Any CPU
		{1C72ABF0-5E21-482E-81BB-F3CD162BB823}.Release|Any CPU.Build.0 = Release|Any CPU
	EndGlobalSection
EndGlobal
